
Microsoft Visual Studio Solution File, Format Version 12.00
# Visual Studio Version 17
VisualStudioVersion = 17.14.36518.9 d17.14
MinimumVisualStudioVersion = 10.0.40219.1
Project("{FAE04EC0-301F-11D3-BF4B-00C04F79EFBC}") = "Scratchpp.Launcher", "Scratchpp.Launcher\Scratchpp.Launcher.csproj", "{73918166-4E0B-4761-84B0-37587D24DA64}"
EndProject
Global
	GlobalSection(SolutionConfigurationPlatforms) = preSolution
		Debug|Any CPU = Debug|Any CPU
		Release|Any CPU = Release|Any CPU
	EndGlobalSection
	GlobalSection(ProjectConfigurationPlatforms) = postSolution
		{73918166-4E0B-4761-84B0-37587D24DA64}.Debug|Any CPU.ActiveCfg = Debug|Any CPU
		{73918166-4E0B-4761-84B0-37587D24DA64}.Debug|Any CPU.Build.0 = Debug|Any CPU
		{73918166-4E0B-4761-84B0-37587D24DA64}.Release|Any CPU.ActiveCfg = Release|Any CPU
		{73918166-4E0B-4761-84B0-37587D24DA64}.Release|Any CPU.Build.0 = Release|Any CPU
	EndGlobalSection
	GlobalSection(SolutionProperties) = preSolution
		HideSolutionNode = FALSE
	EndGlobalSection
	GlobalSection(ExtensibilityGlobals) = postSolution
		SolutionGuid = {CE22CD4C-98A6-49FD-A675-0F5C1F490F9D}
	EndGlobalSection
EndGlobal
